
Microsoft Visual Studio Solution File, Format Version 12.00
# Visual Studio 15
VisualStudioVersion = 15.0.27703.2000
MinimumVisualStudioVersion = 10.0.40219.1
Project("{9A19103F-16F7-4668-BE54-9A1E7A4F7556}") = "Models", "Models.csproj", "{F585C3B8-2A04-49EA-BAD9-215A75EB335D}"
EndProject
Global
	GlobalSection(SolutionConfigurationPlatforms) = preSolution
		Debug|Any CPU = Debug|Any CPU
		Release|Any CPU = Release|Any CPU
	EndGlobalSection
	GlobalSection(ProjectConfigurationPlatforms) = postSolution
		{F585C3B8-2A04-49EA-BAD9-215A75EB335D}.Debug|Any CPU.ActiveCfg = Debug|Any CPU
		{F585C3B8-2A04-49EA-BAD9-215A75EB335D}.Debug|Any CPU.Build.0 = Debug|Any CPU
		{F585C3B8-2A04-49EA-BAD9-215A75EB335D}.Release|Any CPU.ActiveCfg = Release|Any CPU
		{F585C3B8-2A04-49EA-BAD9-215A75EB335D}.Release|Any CPU.Build.0 = Release|Any CPU
	EndGlobalSection
	GlobalSection(SolutionProperties) = preSolution
		HideSolutionNode = FALSE
	EndGlobalSection
	GlobalSection(ExtensibilityGlobals) = postSolution
		SolutionGuid = {FE850AC7-6C53-4B01-8D6E-6EA497D4BCD1}
	EndGlobalSection
EndGlobal
